// !$*UTF8*$!
{
	archiveVersion = 1;
	classes = {
	};
	objectVersion = 50;
	objects = {

/* Begin PBXBuildFile section */
		5E34A03D2122379100D60A81 /* Quote.swift in Sources */ = {isa = PBXBuildFile; fileRef = 5E34A03C2122379100D60A81 /* Quote.swift */; };
		5E4B9284212325D0001C049A /* RightPaddedTextField.swift in Sources */ = {isa = PBXBuildFile; fileRef = 5E4B9283212325D0001C049A /* RightPaddedTextField.swift */; };
		5E94D2D52122563B0037D991 /* NewmanFieldType.swift in Sources */ = {isa = PBXBuildFile; fileRef = 5E94D2D42122563B0037D991 /* NewmanFieldType.swift */; };
		5E94D2D721226BE00037D991 /* StockServiceField.swift in Sources */ = {isa = PBXBuildFile; fileRef = 5E94D2D621226BE00037D991 /* StockServiceField.swift */; };
		5E9540D52118B9D8002978E8 /* QuotationViewController.swift in Sources */ = {isa = PBXBuildFile; fileRef = 5E9540D42118B9D8002978E8 /* QuotationViewController.swift */; };
		5E9540D72118BC99002978E8 /* TermsAndConditionsViewController.swift in Sources */ = {isa = PBXBuildFile; fileRef = 5E9540D62118BC99002978E8 /* TermsAndConditionsViewController.swift */; };
		5EA761FE211DC63300EEBE2F /* PDFPage.swift in Sources */ = {isa = PBXBuildFile; fileRef = 5EA761FD211DC63300EEBE2F /* PDFPage.swift */; };
		5EA76200211DC6B600EEBE2F /* PDF.swift in Sources */ = {isa = PBXBuildFile; fileRef = 5EA761FF211DC6B600EEBE2F /* PDF.swift */; };
		5EA76202211DCC1F00EEBE2F /* NewmanPDFPage.swift in Sources */ = {isa = PBXBuildFile; fileRef = 5EA76201211DCC1F00EEBE2F /* NewmanPDFPage.swift */; };
		5EA76204211DD78B00EEBE2F /* MerchantQuotationPDFPage.swift in Sources */ = {isa = PBXBuildFile; fileRef = 5EA76203211DD78B00EEBE2F /* MerchantQuotationPDFPage.swift */; };
		5EB67B39212245FF00E35B7B /* StockMaterial.swift in Sources */ = {isa = PBXBuildFile; fileRef = 5EB67B38212245FF00E35B7B /* StockMaterial.swift */; };
		5ECAF6A2211F803300771070 /* MerchantQuotationImagePDFPage.swift in Sources */ = {isa = PBXBuildFile; fileRef = 5ECAF6A1211F803300771070 /* MerchantQuotationImagePDFPage.swift */; };
		5ECAF6A4211F833500771070 /* ExtraService.swift in Sources */ = {isa = PBXBuildFile; fileRef = 5ECAF6A3211F833500771070 /* ExtraService.swift */; };
		5ECAF6A6211F848B00771070 /* Material.swift in Sources */ = {isa = PBXBuildFile; fileRef = 5ECAF6A5211F848B00771070 /* Material.swift */; };
		5ECAF6A8211F84B300771070 /* Service.swift in Sources */ = {isa = PBXBuildFile; fileRef = 5ECAF6A7211F84B300771070 /* Service.swift */; };
		5ECAF6AA211F85A700771070 /* ServiceQuoteImageTable.swift in Sources */ = {isa = PBXBuildFile; fileRef = 5ECAF6A9211F85A700771070 /* ServiceQuoteImageTable.swift */; };
		5ECAF6AC211F9DA700771070 /* ExtraServicesTable.swift in Sources */ = {isa = PBXBuildFile; fileRef = 5ECAF6AB211F9DA700771070 /* ExtraServicesTable.swift */; };
		5ECAF6AE211FA27700771070 /* ImageNotesTable.swift in Sources */ = {isa = PBXBuildFile; fileRef = 5ECAF6AD211FA27700771070 /* ImageNotesTable.swift */; };
		5ED17DF420FBDEBA00146B20 /* AppDelegate.swift in Sources */ = {isa = PBXBuildFile; fileRef = 5ED17DF320FBDEBA00146B20 /* AppDelegate.swift */; };
		5ED17DF620FBDEBA00146B20 /* NewmanFieldViewController.swift in Sources */ = {isa = PBXBuildFile; fileRef = 5ED17DF520FBDEBA00146B20 /* NewmanFieldViewController.swift */; };
		5ED17DF920FBDEBA00146B20 /* Main.storyboard in Resources */ = {isa = PBXBuildFile; fileRef = 5ED17DF720FBDEBA00146B20 /* Main.storyboard */; };
		5ED17DFB20FBDEBB00146B20 /* Assets.xcassets in Resources */ = {isa = PBXBuildFile; fileRef = 5ED17DFA20FBDEBB00146B20 /* Assets.xcassets */; };
		5ED17DFE20FBDEBB00146B20 /* LaunchScreen.storyboard in Resources */ = {isa = PBXBuildFile; fileRef = 5ED17DFC20FBDEBB00146B20 /* LaunchScreen.storyboard */; };
		5ED17E0E20FBE57700146B20 /* PictureField.swift in Sources */ = {isa = PBXBuildFile; fileRef = 5ED17E0520FBE57700146B20 /* PictureField.swift */; };
		5ED17E0F20FBE57700146B20 /* MaterialField.swift in Sources */ = {isa = PBXBuildFile; fileRef = 5ED17E0620FBE57700146B20 /* MaterialField.swift */; };
		5ED17E1020FBE57700146B20 /* NewmanField.swift in Sources */ = {isa = PBXBuildFile; fileRef = 5ED17E0720FBE57700146B20 /* NewmanField.swift */; };
		5ED17E1120FBE57700146B20 /* SingleLeftSideField.swift in Sources */ = {isa = PBXBuildFile; fileRef = 5ED17E0820FBE57700146B20 /* SingleLeftSideField.swift */; };
		5ED17E1220FBE57700146B20 /* SubstrateField.swift in Sources */ = {isa = PBXBuildFile; fileRef = 5ED17E0920FBE57700146B20 /* SubstrateField.swift */; };
		5ED17E1320FBE57700146B20 /* SingleCenteredFieldView.swift in Sources */ = {isa = PBXBuildFile; fileRef = 5ED17E0A20FBE57700146B20 /* SingleCenteredFieldView.swift */; };
		5ED17E1420FBE57700146B20 /* FullLengthTextField.swift in Sources */ = {isa = PBXBuildFile; fileRef = 5ED17E0B20FBE57700146B20 /* FullLengthTextField.swift */; };
		5ED17E1520FBE57700146B20 /* ThreeTextFieldView.swift in Sources */ = {isa = PBXBuildFile; fileRef = 5ED17E0C20FBE57700146B20 /* ThreeTextFieldView.swift */; };
		5ED17E1620FBE57700146B20 /* TextFieldPairView.swift in Sources */ = {isa = PBXBuildFile; fileRef = 5ED17E0D20FBE57700146B20 /* TextFieldPairView.swift */; };
/* End PBXBuildFile section */

/* Begin PBXFileReference section */
		5E34A03C2122379100D60A81 /* Quote.swift */ = {isa = PBXFileReference; lastKnownFileType = sourcecode.swift; path = Quote.swift; sourceTree = "<group>"; };
		5E4B9283212325D0001C049A /* RightPaddedTextField.swift */ = {isa = PBXFileReference; lastKnownFileType = sourcecode.swift; path = RightPaddedTextField.swift; sourceTree = "<group>"; };
		5E94D2D42122563B0037D991 /* NewmanFieldType.swift */ = {isa = PBXFileReference; lastKnownFileType = sourcecode.swift; path = NewmanFieldType.swift; sourceTree = "<group>"; };
		5E94D2D621226BE00037D991 /* StockServiceField.swift */ = {isa = PBXFileReference; lastKnownFileType = sourcecode.swift; path = StockServiceField.swift; sourceTree = "<group>"; };
		5E9540D42118B9D8002978E8 /* QuotationViewController.swift */ = {isa = PBXFileReference; lastKnownFileType = sourcecode.swift; path = QuotationViewController.swift; sourceTree = "<group>"; };
		5E9540D62118BC99002978E8 /* TermsAndConditionsViewController.swift */ = {isa = PBXFileReference; lastKnownFileType = sourcecode.swift; path = TermsAndConditionsViewController.swift; sourceTree = "<group>"; };
		5EA761FD211DC63300EEBE2F /* PDFPage.swift */ = {isa = PBXFileReference; lastKnownFileType = sourcecode.swift; path = PDFPage.swift; sourceTree = "<group>"; };
		5EA761FF211DC6B600EEBE2F /* PDF.swift */ = {isa = PBXFileReference; lastKnownFileType = sourcecode.swift; path = PDF.swift; sourceTree = "<group>"; };
		5EA76201211DCC1F00EEBE2F /* NewmanPDFPage.swift */ = {isa = PBXFileReference; lastKnownFileType = sourcecode.swift; path = NewmanPDFPage.swift; sourceTree = "<group>"; };
		5EA76203211DD78B00EEBE2F /* MerchantQuotationPDFPage.swift */ = {isa = PBXFileReference; lastKnownFileType = sourcecode.swift; path = MerchantQuotationPDFPage.swift; sourceTree = "<group>"; };
		5EB67B38212245FF00E35B7B /* StockMaterial.swift */ = {isa = PBXFileReference; lastKnownFileType = sourcecode.swift; path = StockMaterial.swift; sourceTree = "<group>"; };
		5ECAF6A1211F803300771070 /* MerchantQuotationImagePDFPage.swift */ = {isa = PBXFileReference; lastKnownFileType = sourcecode.swift; path = MerchantQuotationImagePDFPage.swift; sourceTree = "<group>"; };
		5ECAF6A3211F833500771070 /* ExtraService.swift */ = {isa = PBXFileReference; lastKnownFileType = sourcecode.swift; path = ExtraService.swift; sourceTree = "<group>"; };
		5ECAF6A5211F848B00771070 /* Material.swift */ = {isa = PBXFileReference; lastKnownFileType = sourcecode.swift; path = Material.swift; sourceTree = "<group>"; };
		5ECAF6A7211F84B300771070 /* Service.swift */ = {isa = PBXFileReference; lastKnownFileType = sourcecode.swift; path = Service.swift; sourceTree = "<group>"; };
		5ECAF6A9211F85A700771070 /* ServiceQuoteImageTable.swift */ = {isa = PBXFileReference; lastKnownFileType = sourcecode.swift; path = ServiceQuoteImageTable.swift; sourceTree = "<group>"; };
		5ECAF6AB211F9DA700771070 /* ExtraServicesTable.swift */ = {isa = PBXFileReference; lastKnownFileType = sourcecode.swift; path = ExtraServicesTable.swift; sourceTree = "<group>"; };
		5ECAF6AD211FA27700771070 /* ImageNotesTable.swift */ = {isa = PBXFileReference; lastKnownFileType = sourcecode.swift; path = ImageNotesTable.swift; sourceTree = "<group>"; };
		5ED17DF020FBDEBA00146B20 /* Newman.app */ = {isa = PBXFileReference; explicitFileType = wrapper.application; includeInIndex = 0; path = Newman.app; sourceTree = BUILT_PRODUCTS_DIR; };
		5ED17DF320FBDEBA00146B20 /* AppDelegate.swift */ = {isa = PBXFileReference; lastKnownFileType = sourcecode.swift; path = AppDelegate.swift; sourceTree = "<group>"; };
		5ED17DF520FBDEBA00146B20 /* NewmanFieldViewController.swift */ = {isa = PBXFileReference; lastKnownFileType = sourcecode.swift; path = NewmanFieldViewController.swift; sourceTree = "<group>"; };
		5ED17DF820FBDEBA00146B20 /* Base */ = {isa = PBXFileReference; lastKnownFileType = file.storyboard; name = Base; path = Base.lproj/Main.storyboard; sourceTree = "<group>"; };
		5ED17DFA20FBDEBB00146B20 /* Assets.xcassets */ = {isa = PBXFileReference; lastKnownFileType = folder.assetcatalog; path = Assets.xcassets; sourceTree = "<group>"; };
		5ED17DFD20FBDEBB00146B20 /* Base */ = {isa = PBXFileReference; lastKnownFileType = file.storyboard; name = Base; path = Base.lproj/LaunchScreen.storyboard; sourceTree = "<group>"; };
		5ED17DFF20FBDEBB00146B20 /* Info.plist */ = {isa = PBXFileReference; lastKnownFileType = text.plist.xml; path = Info.plist; sourceTree = "<group>"; };
		5ED17E0520FBE57700146B20 /* PictureField.swift */ = {isa = PBXFileReference; fileEncoding = 4; lastKnownFileType = sourcecode.swift; path = PictureField.swift; sourceTree = "<group>"; };
		5ED17E0620FBE57700146B20 /* MaterialField.swift */ = {isa = PBXFileReference; fileEncoding = 4; lastKnownFileType = sourcecode.swift; path = MaterialField.swift; sourceTree = "<group>"; };
		5ED17E0720FBE57700146B20 /* NewmanField.swift */ = {isa = PBXFileReference; fileEncoding = 4; lastKnownFileType = sourcecode.swift; path = NewmanField.swift; sourceTree = "<group>"; };
		5ED17E0820FBE57700146B20 /* SingleLeftSideField.swift */ = {isa = PBXFileReference; fileEncoding = 4; lastKnownFileType = sourcecode.swift; path = SingleLeftSideField.swift; sourceTree = "<group>"; };
		5ED17E0920FBE57700146B20 /* SubstrateField.swift */ = {isa = PBXFileReference; fileEncoding = 4; lastKnownFileType = sourcecode.swift; path = SubstrateField.swift; sourceTree = "<group>"; };
		5ED17E0A20FBE57700146B20 /* SingleCenteredFieldView.swift */ = {isa = PBXFileReference; fileEncoding = 4; lastKnownFileType = sourcecode.swift; path = SingleCenteredFieldView.swift; sourceTree = "<group>"; };
		5ED17E0B20FBE57700146B20 /* FullLengthTextField.swift */ = {isa = PBXFileReference; fileEncoding = 4; lastKnownFileType = sourcecode.swift; path = FullLengthTextField.swift; sourceTree = "<group>"; };
		5ED17E0C20FBE57700146B20 /* ThreeTextFieldView.swift */ = {isa = PBXFileReference; fileEncoding = 4; lastKnownFileType = sourcecode.swift; path = ThreeTextFieldView.swift; sourceTree = "<group>"; };
		5ED17E0D20FBE57700146B20 /* TextFieldPairView.swift */ = {isa = PBXFileReference; fileEncoding = 4; lastKnownFileType = sourcecode.swift; path = TextFieldPairView.swift; sourceTree = "<group>"; };
/* End PBXFileReference section */

/* Begin PBXFrameworksBuildPhase section */
		5ED17DED20FBDEBA00146B20 /* Frameworks */ = {
			isa = PBXFrameworksBuildPhase;
			buildActionMask = 2147483647;
			files = (
			);
			runOnlyForDeploymentPostprocessing = 0;
		};
/* End PBXFrameworksBuildPhase section */

/* Begin PBXGroup section */
		5ED17DE720FBDEBA00146B20 = {
			isa = PBXGroup;
			children = (
				5ED17DF220FBDEBA00146B20 /* Newman */,
				5ED17DF120FBDEBA00146B20 /* Products */,
				5E94D2D621226BE00037D991 /* StockServiceField.swift */,
				5ED17E0B20FBE57700146B20 /* FullLengthTextField.swift */,
				5ED17E0620FBE57700146B20 /* MaterialField.swift */,
				5ED17E0720FBE57700146B20 /* NewmanField.swift */,
				5ED17E0520FBE57700146B20 /* PictureField.swift */,
				5E4B9283212325D0001C049A /* RightPaddedTextField.swift */,
				5ED17E0A20FBE57700146B20 /* SingleCenteredFieldView.swift */,
				5ED17E0820FBE57700146B20 /* SingleLeftSideField.swift */,
				5ED17E0920FBE57700146B20 /* SubstrateField.swift */,
				5ED17E0D20FBE57700146B20 /* TextFieldPairView.swift */,
				5ED17E0C20FBE57700146B20 /* ThreeTextFieldView.swift */,
			);
			sourceTree = "<group>";
		};
		5ED17DF120FBDEBA00146B20 /* Products */ = {
			isa = PBXGroup;
			children = (
				5ED17DF020FBDEBA00146B20 /* Newman.app */,
			);
			name = Products;
			sourceTree = "<group>";
		};
		5ED17DF220FBDEBA00146B20 /* Newman */ = {
			isa = PBXGroup;
			children = (
				5ED17DF320FBDEBA00146B20 /* AppDelegate.swift */,
				5ED17DF520FBDEBA00146B20 /* NewmanFieldViewController.swift */,
				5E94D2D42122563B0037D991 /* NewmanFieldType.swift */,
				5E9540D42118B9D8002978E8 /* QuotationViewController.swift */,
				5E34A03C2122379100D60A81 /* Quote.swift */,
				5EA761FD211DC63300EEBE2F /* PDFPage.swift */,
				5EA761FF211DC6B600EEBE2F /* PDF.swift */,
				5EA76201211DCC1F00EEBE2F /* NewmanPDFPage.swift */,
				5EA76203211DD78B00EEBE2F /* MerchantQuotationPDFPage.swift */,
				5ECAF6AD211FA27700771070 /* ImageNotesTable.swift */,
				5ECAF6AB211F9DA700771070 /* ExtraServicesTable.swift */,
				5ECAF6A9211F85A700771070 /* ServiceQuoteImageTable.swift */,
				5ECAF6A7211F84B300771070 /* Service.swift */,
				5ECAF6A5211F848B00771070 /* Material.swift */,
				5EB67B38212245FF00E35B7B /* StockMaterial.swift */,
				5ECAF6A3211F833500771070 /* ExtraService.swift */,
				5ECAF6A1211F803300771070 /* MerchantQuotationImagePDFPage.swift */,
				5ED17DF720FBDEBA00146B20 /* Main.storyboard */,
				5E9540D62118BC99002978E8 /* TermsAndConditionsViewController.swift */,
				5ED17DFA20FBDEBB00146B20 /* Assets.xcassets */,
				5ED17DFC20FBDEBB00146B20 /* LaunchScreen.storyboard */,
				5ED17DFF20FBDEBB00146B20 /* Info.plist */,
			);
			path = Newman;
			sourceTree = "<group>";
		};
/* End PBXGroup section */

/* Begin PBXNativeTarget section */
		5ED17DEF20FBDEBA00146B20 /* Newman */ = {
			isa = PBXNativeTarget;
			buildConfigurationList = 5ED17E0220FBDEBB00146B20 /* Build configuration list for PBXNativeTarget "Newman" */;
			buildPhases = (
				5ED17DEC20FBDEBA00146B20 /* Sources */,
				5ED17DED20FBDEBA00146B20 /* Frameworks */,
				5ED17DEE20FBDEBA00146B20 /* Resources */,
			);
			buildRules = (
			);
			dependencies = (
			);
			name = Newman;
			productName = Newman;
			productReference = 5ED17DF020FBDEBA00146B20 /* Newman.app */;
			productType = "com.apple.product-type.application";
		};
/* End PBXNativeTarget section */

/* Begin PBXProject section */
		5ED17DE820FBDEBA00146B20 /* Project object */ = {
			isa = PBXProject;
			attributes = {
				LastSwiftUpdateCheck = 0940;
				LastUpgradeCheck = 0940;
				ORGANIZATIONNAME = "Ash Duckett";
				TargetAttributes = {
					5ED17DEF20FBDEBA00146B20 = {
						CreatedOnToolsVersion = 9.4.1;
					};
				};
			};
			buildConfigurationList = 5ED17DEB20FBDEBA00146B20 /* Build configuration list for PBXProject "Newman" */;
			compatibilityVersion = "Xcode 9.3";
			developmentRegion = en;
			hasScannedForEncodings = 0;
			knownRegions = (
				en,
				Base,
			);
			mainGroup = 5ED17DE720FBDEBA00146B20;
			productRefGroup = 5ED17DF120FBDEBA00146B20 /* Products */;
			projectDirPath = "";
			projectRoot = "";
			targets = (
				5ED17DEF20FBDEBA00146B20 /* Newman */,
			);
		};
/* End PBXProject section */

/* Begin PBXResourcesBuildPhase section */
		5ED17DEE20FBDEBA00146B20 /* Resources */ = {
			isa = PBXResourcesBuildPhase;
			buildActionMask = 2147483647;
			files = (
				5ED17DFE20FBDEBB00146B20 /* LaunchScreen.storyboard in Resources */,
				5ED17DFB20FBDEBB00146B20 /* Assets.xcassets in Resources */,
				5ED17DF920FBDEBA00146B20 /* Main.storyboard in Resources */,
			);
			runOnlyForDeploymentPostprocessing = 0;
		};
/* End PBXResourcesBuildPhase section */

/* Begin PBXSourcesBuildPhase section */
		5ED17DEC20FBDEBA00146B20 /* Sources */ = {
			isa = PBXSourcesBuildPhase;
			buildActionMask = 2147483647;
			files = (
				5ECAF6A6211F848B00771070 /* Material.swift in Sources */,
				5ED17E1020FBE57700146B20 /* NewmanField.swift in Sources */,
				5EA76204211DD78B00EEBE2F /* MerchantQuotationPDFPage.swift in Sources */,
				5EB67B39212245FF00E35B7B /* StockMaterial.swift in Sources */,
				5ED17DF620FBDEBA00146B20 /* NewmanFieldViewController.swift in Sources */,
				5E94D2D52122563B0037D991 /* NewmanFieldType.swift in Sources */,
				5ED17E1620FBE57700146B20 /* TextFieldPairView.swift in Sources */,
				5EA76200211DC6B600EEBE2F /* PDF.swift in Sources */,
				5ED17E0F20FBE57700146B20 /* MaterialField.swift in Sources */,
				5ED17E1320FBE57700146B20 /* SingleCenteredFieldView.swift in Sources */,
				5ECAF6A8211F84B300771070 /* Service.swift in Sources */,
				5ED17E0E20FBE57700146B20 /* PictureField.swift in Sources */,
				5E4B9284212325D0001C049A /* RightPaddedTextField.swift in Sources */,
				5ECAF6A4211F833500771070 /* ExtraService.swift in Sources */,
				5ECAF6AA211F85A700771070 /* ServiceQuoteImageTable.swift in Sources */,
				5ECAF6A2211F803300771070 /* MerchantQuotationImagePDFPage.swift in Sources */,
				5ED17E1220FBE57700146B20 /* SubstrateField.swift in Sources */,
				5E9540D72118BC99002978E8 /* TermsAndConditionsViewController.swift in Sources */,
				5ECAF6AC211F9DA700771070 /* ExtraServicesTable.swift in Sources */,
				5EA76202211DCC1F00EEBE2F /* NewmanPDFPage.swift in Sources */,
				5E9540D52118B9D8002978E8 /* QuotationViewController.swift in Sources */,
				5ED17E1120FBE57700146B20 /* SingleLeftSideField.swift in Sources */,
				5ED17E1520FBE57700146B20 /* ThreeTextFieldView.swift in Sources */,
				5ECAF6AE211FA27700771070 /* ImageNotesTable.swift in Sources */,
				5ED17E1420FBE57700146B20 /* FullLengthTextField.swift in Sources */,
				5ED17DF420FBDEBA00146B20 /* AppDelegate.swift in Sources */,
				5E34A03D2122379100D60A81 /* Quote.swift in Sources */,
				5E94D2D721226BE00037D991 /* StockServiceField.swift in Sources */,
				5EA761FE211DC63300EEBE2F /* PDFPage.swift in Sources */,
			);
			runOnlyForDeploymentPostprocessing = 0;
		};
/* End PBXSourcesBuildPhase section */

/* Begin PBXVariantGroup section */
		5ED17DF720FBDEBA00146B20 /* Main.storyboard */ = {
			isa = PBXVariantGroup;
			children = (
				5ED17DF820FBDEBA00146B20 /* Base */,
			);
			name = Main.storyboard;
			sourceTree = "<group>";
		};
		5ED17DFC20FBDEBB00146B20 /* LaunchScreen.storyboard */ = {
			isa = PBXVariantGroup;
			children = (
				5ED17DFD20FBDEBB00146B20 /* Base */,
			);
			name = LaunchScreen.storyboard;
			sourceTree = "<group>";
		};
/* End PBXVariantGroup section */

/* Begin XCBuildConfiguration section */
		5ED17E0020FBDEBB00146B20 /* Debug */ = {
			isa = XCBuildConfiguration;
			buildSettings = {
				ALWAYS_SEARCH_USER_PATHS = NO;
				CLANG_ANALYZER_NONNULL = YES;
				CLANG_ANALYZER_NUMBER_OBJECT_CONVERSION = YES_AGGRESSIVE;
				CLANG_CXX_LANGUAGE_STANDARD = "gnu++14";
				CLANG_CXX_LIBRARY = "libc++";
				CLANG_ENABLE_MODULES = YES;
				CLANG_ENABLE_OBJC_ARC = YES;
				CLANG_ENABLE_OBJC_WEAK = YES;
				CLANG_WARN_BLOCK_CAPTURE_AUTORELEASING = YES;
				CLANG_WARN_BOOL_CONVERSION = YES;
				CLANG_WARN_COMMA = YES;
				CLANG_WARN_CONSTANT_CONVERSION = YES;
				CLANG_WARN_DEPRECATED_OBJC_IMPLEMENTATIONS = YES;
				CLANG_WARN_DIRECT_OBJC_ISA_USAGE = YES_ERROR;
				CLANG_WARN_DOCUMENTATION_COMMENTS = YES;
				CLANG_WARN_EMPTY_BODY = YES;
				CLANG_WARN_ENUM_CONVERSION = YES;
				CLANG_WARN_INFINITE_RECURSION = YES;
				CLANG_WARN_INT_CONVERSION = YES;
				CLANG_WARN_NON_LITERAL_NULL_CONVERSION = YES;
				CLANG_WARN_OBJC_IMPLICIT_RETAIN_SELF = YES;
				CLANG_WARN_OBJC_LITERAL_CONVERSION = YES;
				CLANG_WARN_OBJC_ROOT_CLASS = YES_ERROR;
				CLANG_WARN_RANGE_LOOP_ANALYSIS = YES;
				CLANG_WARN_STRICT_PROTOTYPES = YES;
				CLANG_WARN_SUSPICIOUS_MOVE = YES;
				CLANG_WARN_UNGUARDED_AVAILABILITY = YES_AGGRESSIVE;
				CLANG_WARN_UNREACHABLE_CODE = YES;
				CLANG_WARN__DUPLICATE_METHOD_MATCH = YES;
				CODE_SIGN_IDENTITY = "iPhone Developer";
				COPY_PHASE_STRIP = NO;
				DEBUG_INFORMATION_FORMAT = dwarf;
				ENABLE_STRICT_OBJC_MSGSEND = YES;
				ENABLE_TESTABILITY = YES;
				GCC_C_LANGUAGE_STANDARD = gnu11;
				GCC_DYNAMIC_NO_PIC = NO;
				GCC_NO_COMMON_BLOCKS = YES;
				GCC_OPTIMIZATION_LEVEL = 0;
				GCC_PREPROCESSOR_DEFINITIONS = (
					"DEBUG=1",
					"$(inherited)",
				);
				GCC_WARN_64_TO_32_BIT_CONVERSION = YES;
				GCC_WARN_ABOUT_RETURN_TYPE = YES_ERROR;
				GCC_WARN_UNDECLARED_SELECTOR = YES;
				GCC_WARN_UNINITIALIZED_AUTOS = YES_AGGRESSIVE;
				GCC_WARN_UNUSED_FUNCTION = YES;
				GCC_WARN_UNUSED_VARIABLE = YES;
				IPHONEOS_DEPLOYMENT_TARGET = 11.4;
				MTL_ENABLE_DEBUG_INFO = YES;
				ONLY_ACTIVE_ARCH = YES;
				SDKROOT = iphoneos;
				SWIFT_ACTIVE_COMPILATION_CONDITIONS = DEBUG;
				SWIFT_OPTIMIZATION_LEVEL = "-Onone";
			};
			name = Debug;
		};
		5ED17E0120FBDEBB00146B20 /* Release */ = {
			isa = XCBuildConfiguration;
			buildSettings = {
				ALWAYS_SEARCH_USER_PATHS = NO;
				CLANG_ANALYZER_NONNULL = YES;
				CLANG_ANALYZER_NUMBER_OBJECT_CONVERSION = YES_AGGRESSIVE;
				CLANG_CXX_LANGUAGE_STANDARD = "gnu++14";
				CLANG_CXX_LIBRARY = "libc++";
				CLANG_ENABLE_MODULES = YES;
				CLANG_ENABLE_OBJC_ARC = YES;
				CLANG_ENABLE_OBJC_WEAK = YES;
				CLANG_WARN_BLOCK_CAPTURE_AUTORELEASING = YES;
				CLANG_WARN_BOOL_CONVERSION = YES;
				CLANG_WARN_COMMA = YES;
				CLANG_WARN_CONSTANT_CONVERSION = YES;
				CLANG_WARN_DEPRECATED_OBJC_IMPLEMENTATIONS = YES;
				CLANG_WARN_DIRECT_OBJC_ISA_USAGE = YES_ERROR;
				CLANG_WARN_DOCUMENTATION_COMMENTS = YES;
				CLANG_WARN_EMPTY_BODY = YES;
				CLANG_WARN_ENUM_CONVERSION = YES;
				CLANG_WARN_INFINITE_RECURSION = YES;
				CLANG_WARN_INT_CONVERSION = YES;
				CLANG_WARN_NON_LITERAL_NULL_CONVERSION = YES;
				CLANG_WARN_OBJC_IMPLICIT_RETAIN_SELF = YES;
				CLANG_WARN_OBJC_LITERAL_CONVERSION = YES;
				CLANG_WARN_OBJC_ROOT_CLASS = YES_ERROR;
				CLANG_WARN_RANGE_LOOP_ANALYSIS = YES;
				CLANG_WARN_STRICT_PROTOTYPES = YES;
				CLANG_WARN_SUSPICIOUS_MOVE = YES;
				CLANG_WARN_UNGUARDED_AVAILABILITY = YES_AGGRESSIVE;
				CLANG_WARN_UNREACHABLE_CODE = YES;
				CLANG_WARN__DUPLICATE_METHOD_MATCH = YES;
				CODE_SIGN_IDENTITY = "iPhone Developer";
				COPY_PHASE_STRIP = NO;
				DEBUG_INFORMATION_FORMAT = "dwarf-with-dsym";
				ENABLE_NS_ASSERTIONS = NO;
				ENABLE_STRICT_OBJC_MSGSEND = YES;
				GCC_C_LANGUAGE_STANDARD = gnu11;
				GCC_NO_COMMON_BLOCKS = YES;
				GCC_WARN_64_TO_32_BIT_CONVERSION = YES;
				GCC_WARN_ABOUT_RETURN_TYPE = YES_ERROR;
				GCC_WARN_UNDECLARED_SELECTOR = YES;
				GCC_WARN_UNINITIALIZED_AUTOS = YES_AGGRESSIVE;
				GCC_WARN_UNUSED_FUNCTION = YES;
				GCC_WARN_UNUSED_VARIABLE = YES;
				IPHONEOS_DEPLOYMENT_TARGET = 11.4;
				MTL_ENABLE_DEBUG_INFO = NO;
				SDKROOT = iphoneos;
				SWIFT_COMPILATION_MODE = wholemodule;
				SWIFT_OPTIMIZATION_LEVEL = "-O";
				VALIDATE_PRODUCT = YES;
			};
			name = Release;
		};
		5ED17E0320FBDEBB00146B20 /* Debug */ = {
			isa = XCBuildConfiguration;
			buildSettings = {
				ASSETCATALOG_COMPILER_APPICON_NAME = AppIcon;
				CODE_SIGN_STYLE = Automatic;
				DEVELOPMENT_TEAM = YS796748CB;
				INFOPLIST_FILE = Newman/Info.plist;
				LD_RUNPATH_SEARCH_PATHS = (
					"$(inherited)",
					"@executable_path/Frameworks",
				);
				PRODUCT_BUNDLE_IDENTIFIER = com.ashduckett.newman;
				PRODUCT_NAME = "$(TARGET_NAME)";
				SWIFT_VERSION = 4.0;
				TARGETED_DEVICE_FAMILY = "1,2";
			};
			name = Debug;
		};
		5ED17E0420FBDEBB00146B20 /* Release */ = {
			isa = XCBuildConfiguration;
			buildSettings = {
				ASSETCATALOG_COMPILER_APPICON_NAME = AppIcon;
				CODE_SIGN_STYLE = Automatic;
				DEVELOPMENT_TEAM = YS796748CB;
				INFOPLIST_FILE = Newman/Info.plist;
				LD_RUNPATH_SEARCH_PATHS = (
					"$(inherited)",
					"@executable_path/Frameworks",
				);
				PRODUCT_BUNDLE_IDENTIFIER = com.ashduckett.newman;
				PRODUCT_NAME = "$(TARGET_NAME)";
				SWIFT_VERSION = 4.0;
				TARGETED_DEVICE_FAMILY = "1,2";
			};
			name = Release;
		};
/* End XCBuildConfiguration section */

/* Begin XCConfigurationList section */
		5ED17DEB20FBDEBA00146B20 /* Build configuration list for PBXProject "Newman" */ = {
			isa = XCConfigurationList;
			buildConfigurations = (
				5ED17E0020FBDEBB00146B20 /* Debug */,
				5ED17E0120FBDEBB00146B20 /* Release */,
			);
			defaultConfigurationIsVisible = 0;
			defaultConfigurationName = Release;
		};
		5ED17E0220FBDEBB00146B20 /* Build configuration list for PBXNativeTarget "Newman" */ = {
			isa = XCConfigurationList;
			buildConfigurations = (
				5ED17E0320FBDEBB00146B20 /* Debug */,
				5ED17E0420FBDEBB00146B20 /* Release */,
			);
			defaultConfigurationIsVisible = 0;
			defaultConfigurationName = Release;
		};
/* End XCConfigurationList section */
	};
	rootObject = 5ED17DE820FBDEBA00146B20 /* Project object */;
}
